
Microsoft Visual Studio Solution File, Format Version 12.00
# Visual Studio Version 17
VisualStudioVersion = 17.6.33723.286
MinimumVisualStudioVersion = 10.0.40219.1
Project("{FAE04EC0-301F-11D3-BF4B-00C04F79EFBC}") = "MyProject", "MyProject.csproj", "{676962AF-DE7D-436A-B01B-C836D467AFFB}"
EndProject
Project("{FAE04EC0-301F-11D3-BF4B-00C04F79EFBC}") = "Repository", "..\Repository\Repository.csproj", "{20FEA0A8-9AE6-40DF-A345-14F4D7F7AEC5}"
EndProject
Project("{FAE04EC0-301F-11D3-BF4B-00C04F79EFBC}") = "Service", "..\Service\Service.csproj", "{CAF181D6-E0E2-4BED-83F2-D72233C4016B}"
EndProject
Project("{FAE04EC0-301F-11D3-BF4B-00C04F79EFBC}") = "Mock", "..\Mock\Mock.csproj", "{4D3C95A9-0BE3-419C-842E-6EBADC3DD387}"
EndProject
Project("{FAE04EC0-301F-11D3-BF4B-00C04F79EFBC}") = "Common", "..\Common\Common.csproj", "{1963D7D8-FE1F-4966-880E-6BD066726F9E}"
EndProject
Global
	GlobalSection(SolutionConfigurationPlatforms) = preSolution
		Debug|Any CPU = Debug|Any CPU
		Release|Any CPU = Release|Any CPU
	EndGlobalSection
	GlobalSection(ProjectConfigurationPlatforms) = postSolution
		{676962AF-DE7D-436A-B01B-C836D467AFFB}.Debug|Any CPU.ActiveCfg = Debug|Any CPU
		{676962AF-DE7D-436A-B01B-C836D467AFFB}.Debug|Any CPU.Build.0 = Debug|Any CPU
		{676962AF-DE7D-436A-B01B-C836D467AFFB}.Release|Any CPU.ActiveCfg = Release|Any CPU
		{676962AF-DE7D-436A-B01B-C836D467AFFB}.Release|Any CPU.Build.0 = Release|Any CPU
		{20FEA0A8-9AE6-40DF-A345-14F4D7F7AEC5}.Debug|Any CPU.ActiveCfg = Debug|Any CPU
		{20FEA0A8-9AE6-40DF-A345-14F4D7F7AEC5}.Debug|Any CPU.Build.0 = Debug|Any CPU
		{20FEA0A8-9AE6-40DF-A345-14F4D7F7AEC5}.Release|Any CPU.ActiveCfg = Release|Any CPU
		{20FEA0A8-9AE6-40DF-A345-14F4D7F7AEC5}.Release|Any CPU.Build.0 = Release|Any CPU
		{CAF181D6-E0E2-4BED-83F2-D72233C4016B}.Debug|Any CPU.ActiveCfg = Debug|Any CPU
		{CAF181D6-E0E2-4BED-83F2-D72233C4016B}.Debug|Any CPU.Build.0 = Debug|Any CPU
		{CAF181D6-E0E2-4BED-83F2-D72233C4016B}.Release|Any CPU.ActiveCfg = Release|Any CPU
		{CAF181D6-E0E2-4BED-83F2-D72233C4016B}.Release|Any CPU.Build.0 = Release|Any CPU
		{4D3C95A9-0BE3-419C-842E-6EBADC3DD387}.Debug|Any CPU.ActiveCfg = Debug|Any CPU
		{4D3C95A9-0BE3-419C-842E-6EBADC3DD387}.Debug|Any CPU.Build.0 = Debug|Any CPU
		{4D3C95A9-0BE3-419C-842E-6EBADC3DD387}.Release|Any CPU.ActiveCfg = Release|Any CPU
		{4D3C95A9-0BE3-419C-842E-6EBADC3DD387}.Release|Any CPU.Build.0 = Release|Any CPU
		{1963D7D8-FE1F-4966-880E-6BD066726F9E}.Debug|Any CPU.ActiveCfg = Debug|Any CPU
		{1963D7D8-FE1F-4966-880E-6BD066726F9E}.Debug|Any CPU.Build.0 = Debug|Any CPU
		{1963D7D8-FE1F-4966-880E-6BD066726F9E}.Release|Any CPU.ActiveCfg = Release|Any CPU
		{1963D7D8-FE1F-4966-880E-6BD066726F9E}.Release|Any CPU.Build.0 = Release|Any CPU
	EndGlobalSection
	GlobalSection(SolutionProperties) = preSolution
		HideSolutionNode = FALSE
	EndGlobalSection
	GlobalSection(ExtensibilityGlobals) = postSolution
		SolutionGuid = {57BE8592-C449-4C7D-BC9E-A26B3091830D}
	EndGlobalSection
EndGlobal
